
Microsoft Visual Studio Solution File, Format Version 12.00
# Visual Studio Version 17
VisualStudioVersion = 17.12.35707.178 d17.12
MinimumVisualStudioVersion = 10.0.40219.1
Project("{FAE04EC0-301F-11D3-BF4B-00C04F79EFBC}") = "RealEstate_Dapper_Api", "RealEstate_Dapper_Api\RealEstate_Dapper_Api.csproj", "{1654450D-B44D-45D9-B059-0B3F65044A21}"
EndProject
Project("{FAE04EC0-301F-11D3-BF4B-00C04F79EFBC}") = "RealEstate_Dapper_UI", "RealEstate_Dapper_UI\RealEstate_Dapper_UI.csproj", "{5D6568FD-AB0F-48BE-AF92-9FDE7C08307B}"
EndProject
Global
	GlobalSection(SolutionConfigurationPlatforms) = preSolution
		Debug|Any CPU = Debug|Any CPU
		Release|Any CPU = Release|Any CPU
	EndGlobalSection
	GlobalSection(ProjectConfigurationPlatforms) = postSolution
		{1654450D-B44D-45D9-B059-0B3F65044A21}.Debug|Any CPU.ActiveCfg = Debug|Any CPU
		{1654450D-B44D-45D9-B059-0B3F65044A21}.Debug|Any CPU.Build.0 = Debug|Any CPU
		{1654450D-B44D-45D9-B059-0B3F65044A21}.Release|Any CPU.ActiveCfg = Release|Any CPU
		{1654450D-B44D-45D9-B059-0B3F65044A21}.Release|Any CPU.Build.0 = Release|Any CPU
		{5D6568FD-AB0F-48BE-AF92-9FDE7C08307B}.Debug|Any CPU.ActiveCfg = Debug|Any CPU
		{5D6568FD-AB0F-48BE-AF92-9FDE7C08307B}.Debug|Any CPU.Build.0 = Debug|Any CPU
		{5D6568FD-AB0F-48BE-AF92-9FDE7C08307B}.Release|Any CPU.ActiveCfg = Release|Any CPU
		{5D6568FD-AB0F-48BE-AF92-9FDE7C08307B}.Release|Any CPU.Build.0 = Release|Any CPU
	EndGlobalSection
	GlobalSection(SolutionProperties) = preSolution
		HideSolutionNode = FALSE
	EndGlobalSection
EndGlobal
